
Microsoft Visual Studio Solution File, Format Version 12.00
# Visual Studio Version 17
VisualStudioVersion = 17.14.36202.13 d17.14
MinimumVisualStudioVersion = 10.0.40219.1
Project("{F184B08F-C81C-45F6-A57F-5ABD9991F28F}") = "Atari Pong Clone", "Atari Pong Clone.vbproj", "{893CC56B-77A1-65C0-67DA-68A29EB5A950}"
EndProject
Global
	GlobalSection(SolutionConfigurationPlatforms) = preSolution
		Debug|Any CPU = Debug|Any CPU
		Release|Any CPU = Release|Any CPU
	EndGlobalSection
	GlobalSection(ProjectConfigurationPlatforms) = postSolution
		{893CC56B-77A1-65C0-67DA-68A29EB5A950}.Debug|Any CPU.ActiveCfg = Debug|Any CPU
		{893CC56B-77A1-65C0-67DA-68A29EB5A950}.Debug|Any CPU.Build.0 = Debug|Any CPU
		{893CC56B-77A1-65C0-67DA-68A29EB5A950}.Release|Any CPU.ActiveCfg = Release|Any CPU
		{893CC56B-77A1-65C0-67DA-68A29EB5A950}.Release|Any CPU.Build.0 = Release|Any CPU
	EndGlobalSection
	GlobalSection(SolutionProperties) = preSolution
		HideSolutionNode = FALSE
	EndGlobalSection
	GlobalSection(ExtensibilityGlobals) = postSolution
		SolutionGuid = {CE88EB37-02A6-4E70-BE52-0CB6F0F47F18}
	EndGlobalSection
EndGlobal
